{
  "requires": true,
  "lockfileVersion": 1,
  "dependencies": {
    "paginationjs": {
      "version": "2.5.0",
      "resolved": "https://registry.npmjs.org/paginationjs/-/paginationjs-2.5.0.tgz",
      "integrity": "sha512-+OWlNVCDs2LjV4ryUYyHM8MbgeJBdhgwwTi1k94RAMRnb9ViOYfZsz0fWhapTDNKO4uvPivN9DQhEIXC6yodVw=="
    }
  }
}
